// !$*UTF8*$!
{
	archiveVersion = 1;
	classes = {
	};
	objectVersion = 56;
	objects = {

/* Begin PBXBuildFile section */
		1C29EAFE298B61D8001BD219 /* ColorExtensionHex.swift in Sources */ = {isa = PBXBuildFile; fileRef = 1C29EAFD298B61D8001BD219 /* ColorExtensionHex.swift */; };
		1CDB0C422988A76D004E537E /* AppDelegate.swift in Sources */ = {isa = PBXBuildFile; fileRef = 1CDB0C412988A76D004E537E /* AppDelegate.swift */; };
		1CDB0C442988A76D004E537E /* SceneDelegate.swift in Sources */ = {isa = PBXBuildFile; fileRef = 1CDB0C432988A76D004E537E /* SceneDelegate.swift */; };
		1CDB0C462988A76D004E537E /* ViewController.swift in Sources */ = {isa = PBXBuildFile; fileRef = 1CDB0C452988A76D004E537E /* ViewController.swift */; };
		1CDB0C492988A76D004E537E /* Main.storyboard in Resources */ = {isa = PBXBuildFile; fileRef = 1CDB0C472988A76D004E537E /* Main.storyboard */; };
		1CDB0C4B2988A76E004E537E /* Assets.xcassets in Resources */ = {isa = PBXBuildFile; fileRef = 1CDB0C4A2988A76E004E537E /* Assets.xcassets */; };
		1CDB0C4E2988A76E004E537E /* LaunchScreen.storyboard in Resources */ = {isa = PBXBuildFile; fileRef = 1CDB0C4C2988A76E004E537E /* LaunchScreen.storyboard */; };
		1CDB0C562988A7A9004E537E /* TabBarViewController.swift in Sources */ = {isa = PBXBuildFile; fileRef = 1CDB0C552988A7A9004E537E /* TabBarViewController.swift */; };
		1CDB0C582988A8A4004E537E /* HomeController.swift in Sources */ = {isa = PBXBuildFile; fileRef = 1CDB0C572988A8A4004E537E /* HomeController.swift */; };
		1CDB0C5A2988A8B8004E537E /* RecivedController.swift in Sources */ = {isa = PBXBuildFile; fileRef = 1CDB0C592988A8B8004E537E /* RecivedController.swift */; };
		1CDB0C5C2988AA13004E537E /* HomeController.storyboard in Resources */ = {isa = PBXBuildFile; fileRef = 1CDB0C5B2988AA13004E537E /* HomeController.storyboard */; };
		1CDB0C5E2988AA21004E537E /* RecivedController.storyboard in Resources */ = {isa = PBXBuildFile; fileRef = 1CDB0C5D2988AA21004E537E /* RecivedController.storyboard */; };
/* End PBXBuildFile section */

/* Begin PBXFileReference section */
		1C29EAFD298B61D8001BD219 /* ColorExtensionHex.swift */ = {isa = PBXFileReference; lastKnownFileType = sourcecode.swift; path = ColorExtensionHex.swift; sourceTree = "<group>"; };
		1CDB0C3E2988A76D004E537E /* TabBarTest.app */ = {isa = PBXFileReference; explicitFileType = wrapper.application; includeInIndex = 0; path = TabBarTest.app; sourceTree = BUILT_PRODUCTS_DIR; };
		1CDB0C412988A76D004E537E /* AppDelegate.swift */ = {isa = PBXFileReference; lastKnownFileType = sourcecode.swift; path = AppDelegate.swift; sourceTree = "<group>"; };
		1CDB0C432988A76D004E537E /* SceneDelegate.swift */ = {isa = PBXFileReference; lastKnownFileType = sourcecode.swift; path = SceneDelegate.swift; sourceTree = "<group>"; };
		1CDB0C452988A76D004E537E /* ViewController.swift */ = {isa = PBXFileReference; lastKnownFileType = sourcecode.swift; path = ViewController.swift; sourceTree = "<group>"; };
		1CDB0C482988A76D004E537E /* Base */ = {isa = PBXFileReference; lastKnownFileType = file.storyboard; name = Base; path = Base.lproj/Main.storyboard; sourceTree = "<group>"; };
		1CDB0C4A2988A76E004E537E /* Assets.xcassets */ = {isa = PBXFileReference; lastKnownFileType = folder.assetcatalog; path = Assets.xcassets; sourceTree = "<group>"; };
		1CDB0C4D2988A76E004E537E /* Base */ = {isa = PBXFileReference; lastKnownFileType = file.storyboard; name = Base; path = Base.lproj/LaunchScreen.storyboard; sourceTree = "<group>"; };
		1CDB0C4F2988A76E004E537E /* Info.plist */ = {isa = PBXFileReference; lastKnownFileType = text.plist.xml; path = Info.plist; sourceTree = "<group>"; };
		1CDB0C552988A7A9004E537E /* TabBarViewController.swift */ = {isa = PBXFileReference; lastKnownFileType = sourcecode.swift; path = TabBarViewController.swift; sourceTree = "<group>"; };
		1CDB0C572988A8A4004E537E /* HomeController.swift */ = {isa = PBXFileReference; lastKnownFileType = sourcecode.swift; path = HomeController.swift; sourceTree = "<group>"; };
		1CDB0C592988A8B8004E537E /* RecivedController.swift */ = {isa = PBXFileReference; lastKnownFileType = sourcecode.swift; path = RecivedController.swift; sourceTree = "<group>"; };
		1CDB0C5B2988AA13004E537E /* HomeController.storyboard */ = {isa = PBXFileReference; lastKnownFileType = file.storyboard; path = HomeController.storyboard; sourceTree = "<group>"; };
		1CDB0C5D2988AA21004E537E /* RecivedController.storyboard */ = {isa = PBXFileReference; lastKnownFileType = file.storyboard; path = RecivedController.storyboard; sourceTree = "<group>"; };
/* End PBXFileReference section */

/* Begin PBXFrameworksBuildPhase section */
		1CDB0C3B2988A76D004E537E /* Frameworks */ = {
			isa = PBXFrameworksBuildPhase;
			buildActionMask = 2147483647;
			files = (
			);
			runOnlyForDeploymentPostprocessing = 0;
		};
/* End PBXFrameworksBuildPhase section */

/* Begin PBXGroup section */
		1C29EAFC298B61B8001BD219 /* Extension */ = {
			isa = PBXGroup;
			children = (
				1C29EAFD298B61D8001BD219 /* ColorExtensionHex.swift */,
			);
			path = Extension;
			sourceTree = "<group>";
		};
		1C29EAFF298B6247001BD219 /* TabBarItems */ = {
			isa = PBXGroup;
			children = (
				1CDB0C5D2988AA21004E537E /* RecivedController.storyboard */,
				1CDB0C592988A8B8004E537E /* RecivedController.swift */,
				1CDB0C5B2988AA13004E537E /* HomeController.storyboard */,
				1CDB0C572988A8A4004E537E /* HomeController.swift */,
			);
			path = TabBarItems;
			sourceTree = "<group>";
		};
		1CDB0C352988A76D004E537E = {
			isa = PBXGroup;
			children = (
				1CDB0C402988A76D004E537E /* TabBarTest */,
				1CDB0C3F2988A76D004E537E /* Products */,
			);
			sourceTree = "<group>";
		};
		1CDB0C3F2988A76D004E537E /* Products */ = {
			isa = PBXGroup;
			children = (
				1CDB0C3E2988A76D004E537E /* TabBarTest.app */,
			);
			name = Products;
			sourceTree = "<group>";
		};
		1CDB0C402988A76D004E537E /* TabBarTest */ = {
			isa = PBXGroup;
			children = (
				1CDB0C412988A76D004E537E /* AppDelegate.swift */,
				1CDB0C432988A76D004E537E /* SceneDelegate.swift */,
				1C29EAFF298B6247001BD219 /* TabBarItems */,
				1C29EAFC298B61B8001BD219 /* Extension */,
				1CDB0C552988A7A9004E537E /* TabBarViewController.swift */,
				1CDB0C452988A76D004E537E /* ViewController.swift */,
				1CDB0C472988A76D004E537E /* Main.storyboard */,
				1CDB0C4A2988A76E004E537E /* Assets.xcassets */,
				1CDB0C4C2988A76E004E537E /* LaunchScreen.storyboard */,
				1CDB0C4F2988A76E004E537E /* Info.plist */,
			);
			path = TabBarTest;
			sourceTree = "<group>";
		};
/* End PBXGroup section */

/* Begin PBXNativeTarget section */
		1CDB0C3D2988A76D004E537E /* TabBarTest */ = {
			isa = PBXNativeTarget;
			buildConfigurationList = 1CDB0C522988A76E004E537E /* Build configuration list for PBXNativeTarget "TabBarTest" */;
			buildPhases = (
				1CDB0C3A2988A76D004E537E /* Sources */,
				1CDB0C3B2988A76D004E537E /* Frameworks */,
				1CDB0C3C2988A76D004E537E /* Resources */,
			);
			buildRules = (
			);
			dependencies = (
			);
			name = TabBarTest;
			productName = TabBarTest;
			productReference = 1CDB0C3E2988A76D004E537E /* TabBarTest.app */;
			productType = "com.apple.product-type.application";
		};
/* End PBXNativeTarget section */

/* Begin PBXProject section */
		1CDB0C362988A76D004E537E /* Project object */ = {
			isa = PBXProject;
			attributes = {
				BuildIndependentTargetsInParallel = 1;
				LastSwiftUpdateCheck = 1420;
				LastUpgradeCheck = 1420;
				TargetAttributes = {
					1CDB0C3D2988A76D004E537E = {
						CreatedOnToolsVersion = 14.2;
					};
				};
			};
			buildConfigurationList = 1CDB0C392988A76D004E537E /* Build configuration list for PBXProject "TabBarTest" */;
			compatibilityVersion = "Xcode 14.0";
			developmentRegion = en;
			hasScannedForEncodings = 0;
			knownRegions = (
				en,
				Base,
			);
			mainGroup = 1CDB0C352988A76D004E537E;
			productRefGroup = 1CDB0C3F2988A76D004E537E /* Products */;
			projectDirPath = "";
			projectRoot = "";
			targets = (
				1CDB0C3D2988A76D004E537E /* TabBarTest */,
			);
		};
/* End PBXProject section */

/* Begin PBXResourcesBuildPhase section */
		1CDB0C3C2988A76D004E537E /* Resources */ = {
			isa = PBXResourcesBuildPhase;
			buildActionMask = 2147483647;
			files = (
				1CDB0C4E2988A76E004E537E /* LaunchScreen.storyboard in Resources */,
				1CDB0C5E2988AA21004E537E /* RecivedController.storyboard in Resources */,
				1CDB0C5C2988AA13004E537E /* HomeController.storyboard in Resources */,
				1CDB0C4B2988A76E004E537E /* Assets.xcassets in Resources */,
				1CDB0C492988A76D004E537E /* Main.storyboard in Resources */,
			);
			runOnlyForDeploymentPostprocessing = 0;
		};
/* End PBXResourcesBuildPhase section */

/* Begin PBXSourcesBuildPhase section */
		1CDB0C3A2988A76D004E537E /* Sources */ = {
			isa = PBXSourcesBuildPhase;
			buildActionMask = 2147483647;
			files = (
				1CDB0C5A2988A8B8004E537E /* RecivedController.swift in Sources */,
				1CDB0C562988A7A9004E537E /* TabBarViewController.swift in Sources */,
				1CDB0C462988A76D004E537E /* ViewController.swift in Sources */,
				1C29EAFE298B61D8001BD219 /* ColorExtensionHex.swift in Sources */,
				1CDB0C422988A76D004E537E /* AppDelegate.swift in Sources */,
				1CDB0C442988A76D004E537E /* SceneDelegate.swift in Sources */,
				1CDB0C582988A8A4004E537E /* HomeController.swift in Sources */,
			);
			runOnlyForDeploymentPostprocessing = 0;
		};
/* End PBXSourcesBuildPhase section */

/* Begin PBXVariantGroup section */
		1CDB0C472988A76D004E537E /* Main.storyboard */ = {
			isa = PBXVariantGroup;
			children = (
				1CDB0C482988A76D004E537E /* Base */,
			);
			name = Main.storyboard;
			sourceTree = "<group>";
		};
		1CDB0C4C2988A76E004E537E /* LaunchScreen.storyboard */ = {
			isa = PBXVariantGroup;
			children = (
				1CDB0C4D2988A76E004E537E /* Base */,
			);
			name = LaunchScreen.storyboard;
			sourceTree = "<group>";
		};
/* End PBXVariantGroup section */

/* Begin XCBuildConfiguration section */
		1CDB0C502988A76E004E537E /* Debug */ = {
			isa = XCBuildConfiguration;
			buildSettings = {
				ALWAYS_SEARCH_USER_PATHS = NO;
				CLANG_ANALYZER_NONNULL = YES;
				CLANG_ANALYZER_NUMBER_OBJECT_CONVERSION = YES_AGGRESSIVE;
				CLANG_CXX_LANGUAGE_STANDARD = "gnu++20";
				CLANG_ENABLE_MODULES = YES;
				CLANG_ENABLE_OBJC_ARC = YES;
				CLANG_ENABLE_OBJC_WEAK = YES;
				CLANG_WARN_BLOCK_CAPTURE_AUTORELEASING = YES;
				CLANG_WARN_BOOL_CONVERSION = YES;
				CLANG_WARN_COMMA = YES;
				CLANG_WARN_CONSTANT_CONVERSION = YES;
				CLANG_WARN_DEPRECATED_OBJC_IMPLEMENTATIONS = YES;
				CLANG_WARN_DIRECT_OBJC_ISA_USAGE = YES_ERROR;
				CLANG_WARN_DOCUMENTATION_COMMENTS = YES;
				CLANG_WARN_EMPTY_BODY = YES;
				CLANG_WARN_ENUM_CONVERSION = YES;
				CLANG_WARN_INFINITE_RECURSION = YES;
				CLANG_WARN_INT_CONVERSION = YES;
				CLANG_WARN_NON_LITERAL_NULL_CONVERSION = YES;
				CLANG_WARN_OBJC_IMPLICIT_RETAIN_SELF = YES;
				CLANG_WARN_OBJC_LITERAL_CONVERSION = YES;
				CLANG_WARN_OBJC_ROOT_CLASS = YES_ERROR;
				CLANG_WARN_QUOTED_INCLUDE_IN_FRAMEWORK_HEADER = YES;
				CLANG_WARN_RANGE_LOOP_ANALYSIS = YES;
				CLANG_WARN_STRICT_PROTOTYPES = YES;
				CLANG_WARN_SUSPICIOUS_MOVE = YES;
				CLANG_WARN_UNGUARDED_AVAILABILITY = YES_AGGRESSIVE;
				CLANG_WARN_UNREACHABLE_CODE = YES;
				CLANG_WARN__DUPLICATE_METHOD_MATCH = YES;
				COPY_PHASE_STRIP = NO;
				DEBUG_INFORMATION_FORMAT = dwarf;
				ENABLE_STRICT_OBJC_MSGSEND = YES;
				ENABLE_TESTABILITY = YES;
				GCC_C_LANGUAGE_STANDARD = gnu11;
				GCC_DYNAMIC_NO_PIC = NO;
				GCC_NO_COMMON_BLOCKS = YES;
				GCC_OPTIMIZATION_LEVEL = 0;
				GCC_PREPROCESSOR_DEFINITIONS = (
					"DEBUG=1",
					"$(inherited)",
				);
				GCC_WARN_64_TO_32_BIT_CONVERSION = YES;
				GCC_WARN_ABOUT_RETURN_TYPE = YES_ERROR;
				GCC_WARN_UNDECLARED_SELECTOR = YES;
				GCC_WARN_UNINITIALIZED_AUTOS = YES_AGGRESSIVE;
				GCC_WARN_UNUSED_FUNCTION = YES;
				GCC_WARN_UNUSED_VARIABLE = YES;
				IPHONEOS_DEPLOYMENT_TARGET = 16.2;
				MTL_ENABLE_DEBUG_INFO = INCLUDE_SOURCE;
				MTL_FAST_MATH = YES;
				ONLY_ACTIVE_ARCH = YES;
				SDKROOT = iphoneos;
				SWIFT_ACTIVE_COMPILATION_CONDITIONS = DEBUG;
				SWIFT_OPTIMIZATION_LEVEL = "-Onone";
			};
			name = Debug;
		};
		1CDB0C512988A76E004E537E /* Release */ = {
			isa = XCBuildConfiguration;
			buildSettings = {
				ALWAYS_SEARCH_USER_PATHS = NO;
				CLANG_ANALYZER_NONNULL = YES;
				CLANG_ANALYZER_NUMBER_OBJECT_CONVERSION = YES_AGGRESSIVE;
				CLANG_CXX_LANGUAGE_STANDARD = "gnu++20";
				CLANG_ENABLE_MODULES = YES;
				CLANG_ENABLE_OBJC_ARC = YES;
				CLANG_ENABLE_OBJC_WEAK = YES;
				CLANG_WARN_BLOCK_CAPTURE_AUTORELEASING = YES;
				CLANG_WARN_BOOL_CONVERSION = YES;
				CLANG_WARN_COMMA = YES;
				CLANG_WARN_CONSTANT_CONVERSION = YES;
				CLANG_WARN_DEPRECATED_OBJC_IMPLEMENTATIONS = YES;
				CLANG_WARN_DIRECT_OBJC_ISA_USAGE = YES_ERROR;
				CLANG_WARN_DOCUMENTATION_COMMENTS = YES;
				CLANG_WARN_EMPTY_BODY = YES;
				CLANG_WARN_ENUM_CONVERSION = YES;
				CLANG_WARN_INFINITE_RECURSION = YES;
				CLANG_WARN_INT_CONVERSION = YES;
				CLANG_WARN_NON_LITERAL_NULL_CONVERSION = YES;
				CLANG_WARN_OBJC_IMPLICIT_RETAIN_SELF = YES;
				CLANG_WARN_OBJC_LITERAL_CONVERSION = YES;
				CLANG_WARN_OBJC_ROOT_CLASS = YES_ERROR;
				CLANG_WARN_QUOTED_INCLUDE_IN_FRAMEWORK_HEADER = YES;
				CLANG_WARN_RANGE_LOOP_ANALYSIS = YES;
				CLANG_WARN_STRICT_PROTOTYPES = YES;
				CLANG_WARN_SUSPICIOUS_MOVE = YES;
				CLANG_WARN_UNGUARDED_AVAILABILITY = YES_AGGRESSIVE;
				CLANG_WARN_UNREACHABLE_CODE = YES;
				CLANG_WARN__DUPLICATE_METHOD_MATCH = YES;
				COPY_PHASE_STRIP = NO;
				DEBUG_INFORMATION_FORMAT = "dwarf-with-dsym";
				ENABLE_NS_ASSERTIONS = NO;
				ENABLE_STRICT_OBJC_MSGSEND = YES;
				GCC_C_LANGUAGE_STANDARD = gnu11;
				GCC_NO_COMMON_BLOCKS = YES;
				GCC_WARN_64_TO_32_BIT_CONVERSION = YES;
				GCC_WARN_ABOUT_RETURN_TYPE = YES_ERROR;
				GCC_WARN_UNDECLARED_SELECTOR = YES;
				GCC_WARN_UNINITIALIZED_AUTOS = YES_AGGRESSIVE;
				GCC_WARN_UNUSED_FUNCTION = YES;
				GCC_WARN_UNUSED_VARIABLE = YES;
				IPHONEOS_DEPLOYMENT_TARGET = 16.2;
				MTL_ENABLE_DEBUG_INFO = NO;
				MTL_FAST_MATH = YES;
				SDKROOT = iphoneos;
				SWIFT_COMPILATION_MODE = wholemodule;
				SWIFT_OPTIMIZATION_LEVEL = "-O";
				VALIDATE_PRODUCT = YES;
			};
			name = Release;
		};
		1CDB0C532988A76E004E537E /* Debug */ = {
			isa = XCBuildConfiguration;
			buildSettings = {
				ASSETCATALOG_COMPILER_APPICON_NAME = AppIcon;
				ASSETCATALOG_COMPILER_GLOBAL_ACCENT_COLOR_NAME = AccentColor;
				CODE_SIGN_STYLE = Automatic;
				CURRENT_PROJECT_VERSION = 1;
				GENERATE_INFOPLIST_FILE = YES;
				INFOPLIST_FILE = TabBarTest/Info.plist;
				INFOPLIST_KEY_UIApplicationSupportsIndirectInputEvents = YES;
				INFOPLIST_KEY_UILaunchStoryboardName = LaunchScreen;
				INFOPLIST_KEY_UIMainStoryboardFile = Main;
				INFOPLIST_KEY_UISupportedInterfaceOrientations_iPad = "UIInterfaceOrientationPortrait UIInterfaceOrientationPortraitUpsideDown UIInterfaceOrientationLandscapeLeft UIInterfaceOrientationLandscapeRight";
				INFOPLIST_KEY_UISupportedInterfaceOrientations_iPhone = "UIInterfaceOrientationPortrait UIInterfaceOrientationLandscapeLeft UIInterfaceOrientationLandscapeRight";
				LD_RUNPATH_SEARCH_PATHS = (
					"$(inherited)",
					"@executable_path/Frameworks",
				);
				MARKETING_VERSION = 1.0;
				PRODUCT_BUNDLE_IDENTIFIER = com.cat.TabBarTest;
				PRODUCT_NAME = "$(TARGET_NAME)";
				SWIFT_EMIT_LOC_STRINGS = YES;
				SWIFT_VERSION = 5.0;
				TARGETED_DEVICE_FAMILY = "1,2";
			};
			name = Debug;
		};
		1CDB0C542988A76E004E537E /* Release */ = {
			isa = XCBuildConfiguration;
			buildSettings = {
				ASSETCATALOG_COMPILER_APPICON_NAME = AppIcon;
				ASSETCATALOG_COMPILER_GLOBAL_ACCENT_COLOR_NAME = AccentColor;
				CODE_SIGN_STYLE = Automatic;
				CURRENT_PROJECT_VERSION = 1;
				GENERATE_INFOPLIST_FILE = YES;
				INFOPLIST_FILE = TabBarTest/Info.plist;
				INFOPLIST_KEY_UIApplicationSupportsIndirectInputEvents = YES;
				INFOPLIST_KEY_UILaunchStoryboardName = LaunchScreen;
				INFOPLIST_KEY_UIMainStoryboardFile = Main;
				INFOPLIST_KEY_UISupportedInterfaceOrientations_iPad = "UIInterfaceOrientationPortrait UIInterfaceOrientationPortraitUpsideDown UIInterfaceOrientationLandscapeLeft UIInterfaceOrientationLandscapeRight";
				INFOPLIST_KEY_UISupportedInterfaceOrientations_iPhone = "UIInterfaceOrientationPortrait UIInterfaceOrientationLandscapeLeft UIInterfaceOrientationLandscapeRight";
				LD_RUNPATH_SEARCH_PATHS = (
					"$(inherited)",
					"@executable_path/Frameworks",
				);
				MARKETING_VERSION = 1.0;
				PRODUCT_BUNDLE_IDENTIFIER = com.cat.TabBarTest;
				PRODUCT_NAME = "$(TARGET_NAME)";
				SWIFT_EMIT_LOC_STRINGS = YES;
				SWIFT_VERSION = 5.0;
				TARGETED_DEVICE_FAMILY = "1,2";
			};
			name = Release;
		};
/* End XCBuildConfiguration section */

/* Begin XCConfigurationList section */
		1CDB0C392988A76D004E537E /* Build configuration list for PBXProject "TabBarTest" */ = {
			isa = XCConfigurationList;
			buildConfigurations = (
				1CDB0C502988A76E004E537E /* Debug */,
				1CDB0C512988A76E004E537E /* Release */,
			);
			defaultConfigurationIsVisible = 0;
			defaultConfigurationName = Release;
		};
		1CDB0C522988A76E004E537E /* Build configuration list for PBXNativeTarget "TabBarTest" */ = {
			isa = XCConfigurationList;
			buildConfigurations = (
				1CDB0C532988A76E004E537E /* Debug */,
				1CDB0C542988A76E004E537E /* Release */,
			);
			defaultConfigurationIsVisible = 0;
			defaultConfigurationName = Release;
		};
/* End XCConfigurationList section */
	};
	rootObject = 1CDB0C362988A76D004E537E /* Project object */;
}
